
Microsoft Visual Studio Solution File, Format Version 12.00
Project("{FAE04EC0-301F-11D3-BF4B-00C04F79EFBC}") = "La_princesa_granota", "La_princesa_granota\La_princesa_granota.csproj", "{8C400995-B119-4E23-90A3-0CA7DFE2C9AA}"
EndProject
Global
	GlobalSection(SolutionConfigurationPlatforms) = preSolution
		Debug|Any CPU = Debug|Any CPU
		Release|Any CPU = Release|Any CPU
	EndGlobalSection
	GlobalSection(ProjectConfigurationPlatforms) = postSolution
		{8C400995-B119-4E23-90A3-0CA7DFE2C9AA}.Debug|Any CPU.ActiveCfg = Debug|Any CPU
		{8C400995-B119-4E23-90A3-0CA7DFE2C9AA}.Debug|Any CPU.Build.0 = Debug|Any CPU
		{8C400995-B119-4E23-90A3-0CA7DFE2C9AA}.Release|Any CPU.ActiveCfg = Release|Any CPU
		{8C400995-B119-4E23-90A3-0CA7DFE2C9AA}.Release|Any CPU.Build.0 = Release|Any CPU
	EndGlobalSection
EndGlobal
